// !$*UTF8*$!
{
	archiveVersion = 1;
	classes = {
	};
	objectVersion = 55;
	objects = {

/* Begin PBXBuildFile section */
		548F020528B6BE5B00EF51D7 /* AppDelegate.swift in Sources */ = {isa = PBXBuildFile; fileRef = 548F020428B6BE5B00EF51D7 /* AppDelegate.swift */; };
		548F020728B6BE5B00EF51D7 /* SceneDelegate.swift in Sources */ = {isa = PBXBuildFile; fileRef = 548F020628B6BE5B00EF51D7 /* SceneDelegate.swift */; };
		548F020928B6BE5B00EF51D7 /* ViewController.swift in Sources */ = {isa = PBXBuildFile; fileRef = 548F020828B6BE5B00EF51D7 /* ViewController.swift */; };
		548F020C28B6BE5B00EF51D7 /* Main.storyboard in Resources */ = {isa = PBXBuildFile; fileRef = 548F020A28B6BE5B00EF51D7 /* Main.storyboard */; };
		548F020F28B6BE5B00EF51D7 /* ExpertApp.xcdatamodeld in Sources */ = {isa = PBXBuildFile; fileRef = 548F020D28B6BE5B00EF51D7 /* ExpertApp.xcdatamodeld */; };
		548F021128B6BE5D00EF51D7 /* Assets.xcassets in Resources */ = {isa = PBXBuildFile; fileRef = 548F021028B6BE5D00EF51D7 /* Assets.xcassets */; };
		548F021428B6BE5D00EF51D7 /* LaunchScreen.storyboard in Resources */ = {isa = PBXBuildFile; fileRef = 548F021228B6BE5D00EF51D7 /* LaunchScreen.storyboard */; };
		548F021F28B6BE5D00EF51D7 /* ExpertAppTests.swift in Sources */ = {isa = PBXBuildFile; fileRef = 548F021E28B6BE5D00EF51D7 /* ExpertAppTests.swift */; };
		548F022928B6BE5D00EF51D7 /* ExpertAppUITests.swift in Sources */ = {isa = PBXBuildFile; fileRef = 548F022828B6BE5D00EF51D7 /* ExpertAppUITests.swift */; };
		548F022B28B6BE5D00EF51D7 /* ExpertAppUITestsLaunchTests.swift in Sources */ = {isa = PBXBuildFile; fileRef = 548F022A28B6BE5D00EF51D7 /* ExpertAppUITestsLaunchTests.swift */; };
/* End PBXBuildFile section */

/* Begin PBXContainerItemProxy section */
		548F021B28B6BE5D00EF51D7 /* PBXContainerItemProxy */ = {
			isa = PBXContainerItemProxy;
			containerPortal = 548F01F928B6BE5B00EF51D7 /* Project object */;
			proxyType = 1;
			remoteGlobalIDString = 548F020028B6BE5B00EF51D7;
			remoteInfo = ExpertApp;
		};
		548F022528B6BE5D00EF51D7 /* PBXContainerItemProxy */ = {
			isa = PBXContainerItemProxy;
			containerPortal = 548F01F928B6BE5B00EF51D7 /* Project object */;
			proxyType = 1;
			remoteGlobalIDString = 548F020028B6BE5B00EF51D7;
			remoteInfo = ExpertApp;
		};
/* End PBXContainerItemProxy section */

/* Begin PBXFileReference section */
		548F020128B6BE5B00EF51D7 /* ExpertApp.app */ = {isa = PBXFileReference; explicitFileType = wrapper.application; includeInIndex = 0; path = ExpertApp.app; sourceTree = BUILT_PRODUCTS_DIR; };
		548F020428B6BE5B00EF51D7 /* AppDelegate.swift */ = {isa = PBXFileReference; lastKnownFileType = sourcecode.swift; path = AppDelegate.swift; sourceTree = "<group>"; };
		548F020628B6BE5B00EF51D7 /* SceneDelegate.swift */ = {isa = PBXFileReference; lastKnownFileType = sourcecode.swift; path = SceneDelegate.swift; sourceTree = "<group>"; };
		548F020828B6BE5B00EF51D7 /* ViewController.swift */ = {isa = PBXFileReference; lastKnownFileType = sourcecode.swift; path = ViewController.swift; sourceTree = "<group>"; };
		548F020B28B6BE5B00EF51D7 /* Base */ = {isa = PBXFileReference; lastKnownFileType = file.storyboard; name = Base; path = Base.lproj/Main.storyboard; sourceTree = "<group>"; };
		548F020E28B6BE5B00EF51D7 /* ExpertApp.xcdatamodel */ = {isa = PBXFileReference; lastKnownFileType = wrapper.xcdatamodel; path = ExpertApp.xcdatamodel; sourceTree = "<group>"; };
		548F021028B6BE5D00EF51D7 /* Assets.xcassets */ = {isa = PBXFileReference; lastKnownFileType = folder.assetcatalog; path = Assets.xcassets; sourceTree = "<group>"; };
		548F021328B6BE5D00EF51D7 /* Base */ = {isa = PBXFileReference; lastKnownFileType = file.storyboard; name = Base; path = Base.lproj/LaunchScreen.storyboard; sourceTree = "<group>"; };
		548F021528B6BE5D00EF51D7 /* Info.plist */ = {isa = PBXFileReference; lastKnownFileType = text.plist.xml; path = Info.plist; sourceTree = "<group>"; };
		548F021A28B6BE5D00EF51D7 /* ExpertAppTests.xctest */ = {isa = PBXFileReference; explicitFileType = wrapper.cfbundle; includeInIndex = 0; path = ExpertAppTests.xctest; sourceTree = BUILT_PRODUCTS_DIR; };
		548F021E28B6BE5D00EF51D7 /* ExpertAppTests.swift */ = {isa = PBXFileReference; lastKnownFileType = sourcecode.swift; path = ExpertAppTests.swift; sourceTree = "<group>"; };
		548F022428B6BE5D00EF51D7 /* ExpertAppUITests.xctest */ = {isa = PBXFileReference; explicitFileType = wrapper.cfbundle; includeInIndex = 0; path = ExpertAppUITests.xctest; sourceTree = BUILT_PRODUCTS_DIR; };
		548F022828B6BE5D00EF51D7 /* ExpertAppUITests.swift */ = {isa = PBXFileReference; lastKnownFileType = sourcecode.swift; path = ExpertAppUITests.swift; sourceTree = "<group>"; };
		548F022A28B6BE5D00EF51D7 /* ExpertAppUITestsLaunchTests.swift */ = {isa = PBXFileReference; lastKnownFileType = sourcecode.swift; path = ExpertAppUITestsLaunchTests.swift; sourceTree = "<group>"; };
/* End PBXFileReference section */

/* Begin PBXFrameworksBuildPhase section */
		548F01FE28B6BE5B00EF51D7 /* Frameworks */ = {
			isa = PBXFrameworksBuildPhase;
			buildActionMask = 2147483647;
			files = (
			);
			runOnlyForDeploymentPostprocessing = 0;
		};
		548F021728B6BE5D00EF51D7 /* Frameworks */ = {
			isa = PBXFrameworksBuildPhase;
			buildActionMask = 2147483647;
			files = (
			);
			runOnlyForDeploymentPostprocessing = 0;
		};
		548F022128B6BE5D00EF51D7 /* Frameworks */ = {
			isa = PBXFrameworksBuildPhase;
			buildActionMask = 2147483647;
			files = (
			);
			runOnlyForDeploymentPostprocessing = 0;
		};
/* End PBXFrameworksBuildPhase section */

/* Begin PBXGroup section */
		548F01F828B6BE5B00EF51D7 = {
			isa = PBXGroup;
			children = (
				548F020328B6BE5B00EF51D7 /* ExpertApp */,
				548F021D28B6BE5D00EF51D7 /* ExpertAppTests */,
				548F022728B6BE5D00EF51D7 /* ExpertAppUITests */,
				548F020228B6BE5B00EF51D7 /* Products */,
			);
			sourceTree = "<group>";
		};
		548F020228B6BE5B00EF51D7 /* Products */ = {
			isa = PBXGroup;
			children = (
				548F020128B6BE5B00EF51D7 /* ExpertApp.app */,
				548F021A28B6BE5D00EF51D7 /* ExpertAppTests.xctest */,
				548F022428B6BE5D00EF51D7 /* ExpertAppUITests.xctest */,
			);
			name = Products;
			sourceTree = "<group>";
		};
		548F020328B6BE5B00EF51D7 /* ExpertApp */ = {
			isa = PBXGroup;
			children = (
				548F020428B6BE5B00EF51D7 /* AppDelegate.swift */,
				548F020628B6BE5B00EF51D7 /* SceneDelegate.swift */,
				548F020828B6BE5B00EF51D7 /* ViewController.swift */,
				548F020A28B6BE5B00EF51D7 /* Main.storyboard */,
				548F021028B6BE5D00EF51D7 /* Assets.xcassets */,
				548F021228B6BE5D00EF51D7 /* LaunchScreen.storyboard */,
				548F021528B6BE5D00EF51D7 /* Info.plist */,
				548F020D28B6BE5B00EF51D7 /* ExpertApp.xcdatamodeld */,
			);
			path = ExpertApp;
			sourceTree = "<group>";
		};
		548F021D28B6BE5D00EF51D7 /* ExpertAppTests */ = {
			isa = PBXGroup;
			children = (
				548F021E28B6BE5D00EF51D7 /* ExpertAppTests.swift */,
			);
			path = ExpertAppTests;
			sourceTree = "<group>";
		};
		548F022728B6BE5D00EF51D7 /* ExpertAppUITests */ = {
			isa = PBXGroup;
			children = (
				548F022828B6BE5D00EF51D7 /* ExpertAppUITests.swift */,
				548F022A28B6BE5D00EF51D7 /* ExpertAppUITestsLaunchTests.swift */,
			);
			path = ExpertAppUITests;
			sourceTree = "<group>";
		};
/* End PBXGroup section */

/* Begin PBXNativeTarget section */
		548F020028B6BE5B00EF51D7 /* ExpertApp */ = {
			isa = PBXNativeTarget;
			buildConfigurationList = 548F022E28B6BE5D00EF51D7 /* Build configuration list for PBXNativeTarget "ExpertApp" */;
			buildPhases = (
				548F01FD28B6BE5B00EF51D7 /* Sources */,
				548F01FE28B6BE5B00EF51D7 /* Frameworks */,
				548F01FF28B6BE5B00EF51D7 /* Resources */,
			);
			buildRules = (
			);
			dependencies = (
			);
			name = ExpertApp;
			productName = ExpertApp;
			productReference = 548F020128B6BE5B00EF51D7 /* ExpertApp.app */;
			productType = "com.apple.product-type.application";
		};
		548F021928B6BE5D00EF51D7 /* ExpertAppTests */ = {
			isa = PBXNativeTarget;
			buildConfigurationList = 548F023128B6BE5D00EF51D7 /* Build configuration list for PBXNativeTarget "ExpertAppTests" */;
			buildPhases = (
				548F021628B6BE5D00EF51D7 /* Sources */,
				548F021728B6BE5D00EF51D7 /* Frameworks */,
				548F021828B6BE5D00EF51D7 /* Resources */,
			);
			buildRules = (
			);
			dependencies = (
				548F021C28B6BE5D00EF51D7 /* PBXTargetDependency */,
			);
			name = ExpertAppTests;
			productName = ExpertAppTests;
			productReference = 548F021A28B6BE5D00EF51D7 /* ExpertAppTests.xctest */;
			productType = "com.apple.product-type.bundle.unit-test";
		};
		548F022328B6BE5D00EF51D7 /* ExpertAppUITests */ = {
			isa = PBXNativeTarget;
			buildConfigurationList = 548F023428B6BE5D00EF51D7 /* Build configuration list for PBXNativeTarget "ExpertAppUITests" */;
			buildPhases = (
				548F022028B6BE5D00EF51D7 /* Sources */,
				548F022128B6BE5D00EF51D7 /* Frameworks */,
				548F022228B6BE5D00EF51D7 /* Resources */,
			);
			buildRules = (
			);
			dependencies = (
				548F022628B6BE5D00EF51D7 /* PBXTargetDependency */,
			);
			name = ExpertAppUITests;
			productName = ExpertAppUITests;
			productReference = 548F022428B6BE5D00EF51D7 /* ExpertAppUITests.xctest */;
			productType = "com.apple.product-type.bundle.ui-testing";
		};
/* End PBXNativeTarget section */

/* Begin PBXProject section */
		548F01F928B6BE5B00EF51D7 /* Project object */ = {
			isa = PBXProject;
			attributes = {
				BuildIndependentTargetsInParallel = 1;
				LastSwiftUpdateCheck = 1340;
				LastUpgradeCheck = 1340;
				TargetAttributes = {
					548F020028B6BE5B00EF51D7 = {
						CreatedOnToolsVersion = 13.4.1;
					};
					548F021928B6BE5D00EF51D7 = {
						CreatedOnToolsVersion = 13.4.1;
						TestTargetID = 548F020028B6BE5B00EF51D7;
					};
					548F022328B6BE5D00EF51D7 = {
						CreatedOnToolsVersion = 13.4.1;
						TestTargetID = 548F020028B6BE5B00EF51D7;
					};
				};
			};
			buildConfigurationList = 548F01FC28B6BE5B00EF51D7 /* Build configuration list for PBXProject "ExpertApp" */;
			compatibilityVersion = "Xcode 13.0";
			developmentRegion = en;
			hasScannedForEncodings = 0;
			knownRegions = (
				en,
				Base,
			);
			mainGroup = 548F01F828B6BE5B00EF51D7;
			productRefGroup = 548F020228B6BE5B00EF51D7 /* Products */;
			projectDirPath = "";
			projectRoot = "";
			targets = (
				548F020028B6BE5B00EF51D7 /* ExpertApp */,
				548F021928B6BE5D00EF51D7 /* ExpertAppTests */,
				548F022328B6BE5D00EF51D7 /* ExpertAppUITests */,
			);
		};
/* End PBXProject section */

/* Begin PBXResourcesBuildPhase section */
		548F01FF28B6BE5B00EF51D7 /* Resources */ = {
			isa = PBXResourcesBuildPhase;
			buildActionMask = 2147483647;
			files = (
				548F021428B6BE5D00EF51D7 /* LaunchScreen.storyboard in Resources */,
				548F021128B6BE5D00EF51D7 /* Assets.xcassets in Resources */,
				548F020C28B6BE5B00EF51D7 /* Main.storyboard in Resources */,
			);
			runOnlyForDeploymentPostprocessing = 0;
		};
		548F021828B6BE5D00EF51D7 /* Resources */ = {
			isa = PBXResourcesBuildPhase;
			buildActionMask = 2147483647;
			files = (
			);
			runOnlyForDeploymentPostprocessing = 0;
		};
		548F022228B6BE5D00EF51D7 /* Resources */ = {
			isa = PBXResourcesBuildPhase;
			buildActionMask = 2147483647;
			files = (
			);
			runOnlyForDeploymentPostprocessing = 0;
		};
/* End PBXResourcesBuildPhase section */

/* Begin PBXSourcesBuildPhase section */
		548F01FD28B6BE5B00EF51D7 /* Sources */ = {
			isa = PBXSourcesBuildPhase;
			buildActionMask = 2147483647;
			files = (
				548F020928B6BE5B00EF51D7 /* ViewController.swift in Sources */,
				548F020528B6BE5B00EF51D7 /* AppDelegate.swift in Sources */,
				548F020728B6BE5B00EF51D7 /* SceneDelegate.swift in Sources */,
				548F020F28B6BE5B00EF51D7 /* ExpertApp.xcdatamodeld in Sources */,
			);
			runOnlyForDeploymentPostprocessing = 0;
		};
		548F021628B6BE5D00EF51D7 /* Sources */ = {
			isa = PBXSourcesBuildPhase;
			buildActionMask = 2147483647;
			files = (
				548F021F28B6BE5D00EF51D7 /* ExpertAppTests.swift in Sources */,
			);
			runOnlyForDeploymentPostprocessing = 0;
		};
		548F022028B6BE5D00EF51D7 /* Sources */ = {
			isa = PBXSourcesBuildPhase;
			buildActionMask = 2147483647;
			files = (
				548F022B28B6BE5D00EF51D7 /* ExpertAppUITestsLaunchTests.swift in Sources */,
				548F022928B6BE5D00EF51D7 /* ExpertAppUITests.swift in Sources */,
			);
			runOnlyForDeploymentPostprocessing = 0;
		};
/* End PBXSourcesBuildPhase section */

/* Begin PBXTargetDependency section */
		548F021C28B6BE5D00EF51D7 /* PBXTargetDependency */ = {
			isa = PBXTargetDependency;
			target = 548F020028B6BE5B00EF51D7 /* ExpertApp */;
			targetProxy = 548F021B28B6BE5D00EF51D7 /* PBXContainerItemProxy */;
		};
		548F022628B6BE5D00EF51D7 /* PBXTargetDependency */ = {
			isa = PBXTargetDependency;
			target = 548F020028B6BE5B00EF51D7 /* ExpertApp */;
			targetProxy = 548F022528B6BE5D00EF51D7 /* PBXContainerItemProxy */;
		};
/* End PBXTargetDependency section */

/* Begin PBXVariantGroup section */
		548F020A28B6BE5B00EF51D7 /* Main.storyboard */ = {
			isa = PBXVariantGroup;
			children = (
				548F020B28B6BE5B00EF51D7 /* Base */,
			);
			name = Main.storyboard;
			sourceTree = "<group>";
		};
		548F021228B6BE5D00EF51D7 /* LaunchScreen.storyboard */ = {
			isa = PBXVariantGroup;
			children = (
				548F021328B6BE5D00EF51D7 /* Base */,
			);
			name = LaunchScreen.storyboard;
			sourceTree = "<group>";
		};
/* End PBXVariantGroup section */

/* Begin XCBuildConfiguration section */
		548F022C28B6BE5D00EF51D7 /* Debug */ = {
			isa = XCBuildConfiguration;
			buildSettings = {
				ALWAYS_SEARCH_USER_PATHS = NO;
				CLANG_ANALYZER_NONNULL = YES;
				CLANG_ANALYZER_NUMBER_OBJECT_CONVERSION = YES_AGGRESSIVE;
				CLANG_CXX_LANGUAGE_STANDARD = "gnu++17";
				CLANG_ENABLE_MODULES = YES;
				CLANG_ENABLE_OBJC_ARC = YES;
				CLANG_ENABLE_OBJC_WEAK = YES;
				CLANG_WARN_BLOCK_CAPTURE_AUTORELEASING = YES;
				CLANG_WARN_BOOL_CONVERSION = YES;
				CLANG_WARN_COMMA = YES;
				CLANG_WARN_CONSTANT_CONVERSION = YES;
				CLANG_WARN_DEPRECATED_OBJC_IMPLEMENTATIONS = YES;
				CLANG_WARN_DIRECT_OBJC_ISA_USAGE = YES_ERROR;
				CLANG_WARN_DOCUMENTATION_COMMENTS = YES;
				CLANG_WARN_EMPTY_BODY = YES;
				CLANG_WARN_ENUM_CONVERSION = YES;
				CLANG_WARN_INFINITE_RECURSION = YES;
				CLANG_WARN_INT_CONVERSION = YES;
				CLANG_WARN_NON_LITERAL_NULL_CONVERSION = YES;
				CLANG_WARN_OBJC_IMPLICIT_RETAIN_SELF = YES;
				CLANG_WARN_OBJC_LITERAL_CONVERSION = YES;
				CLANG_WARN_OBJC_ROOT_CLASS = YES_ERROR;
				CLANG_WARN_QUOTED_INCLUDE_IN_FRAMEWORK_HEADER = YES;
				CLANG_WARN_RANGE_LOOP_ANALYSIS = YES;
				CLANG_WARN_STRICT_PROTOTYPES = YES;
				CLANG_WARN_SUSPICIOUS_MOVE = YES;
				CLANG_WARN_UNGUARDED_AVAILABILITY = YES_AGGRESSIVE;
				CLANG_WARN_UNREACHABLE_CODE = YES;
				CLANG_WARN__DUPLICATE_METHOD_MATCH = YES;
				COPY_PHASE_STRIP = NO;
				DEBUG_INFORMATION_FORMAT = dwarf;
				ENABLE_STRICT_OBJC_MSGSEND = YES;
				ENABLE_TESTABILITY = YES;
				GCC_C_LANGUAGE_STANDARD = gnu11;
				GCC_DYNAMIC_NO_PIC = NO;
				GCC_NO_COMMON_BLOCKS = YES;
				GCC_OPTIMIZATION_LEVEL = 0;
				GCC_PREPROCESSOR_DEFINITIONS = (
					"DEBUG=1",
					"$(inherited)",
				);
				GCC_WARN_64_TO_32_BIT_CONVERSION = YES;
				GCC_WARN_ABOUT_RETURN_TYPE = YES_ERROR;
				GCC_WARN_UNDECLARED_SELECTOR = YES;
				GCC_WARN_UNINITIALIZED_AUTOS = YES_AGGRESSIVE;
				GCC_WARN_UNUSED_FUNCTION = YES;
				GCC_WARN_UNUSED_VARIABLE = YES;
				IPHONEOS_DEPLOYMENT_TARGET = 15.5;
				MTL_ENABLE_DEBUG_INFO = INCLUDE_SOURCE;
				MTL_FAST_MATH = YES;
				ONLY_ACTIVE_ARCH = YES;
				SDKROOT = iphoneos;
				SWIFT_ACTIVE_COMPILATION_CONDITIONS = DEBUG;
				SWIFT_OPTIMIZATION_LEVEL = "-Onone";
			};
			name = Debug;
		};
		548F022D28B6BE5D00EF51D7 /* Release */ = {
			isa = XCBuildConfiguration;
			buildSettings = {
				ALWAYS_SEARCH_USER_PATHS = NO;
				CLANG_ANALYZER_NONNULL = YES;
				CLANG_ANALYZER_NUMBER_OBJECT_CONVERSION = YES_AGGRESSIVE;
				CLANG_CXX_LANGUAGE_STANDARD = "gnu++17";
				CLANG_ENABLE_MODULES = YES;
				CLANG_ENABLE_OBJC_ARC = YES;
				CLANG_ENABLE_OBJC_WEAK = YES;
				CLANG_WARN_BLOCK_CAPTURE_AUTORELEASING = YES;
				CLANG_WARN_BOOL_CONVERSION = YES;
				CLANG_WARN_COMMA = YES;
				CLANG_WARN_CONSTANT_CONVERSION = YES;
				CLANG_WARN_DEPRECATED_OBJC_IMPLEMENTATIONS = YES;
				CLANG_WARN_DIRECT_OBJC_ISA_USAGE = YES_ERROR;
				CLANG_WARN_DOCUMENTATION_COMMENTS = YES;
				CLANG_WARN_EMPTY_BODY = YES;
				CLANG_WARN_ENUM_CONVERSION = YES;
				CLANG_WARN_INFINITE_RECURSION = YES;
				CLANG_WARN_INT_CONVERSION = YES;
				CLANG_WARN_NON_LITERAL_NULL_CONVERSION = YES;
				CLANG_WARN_OBJC_IMPLICIT_RETAIN_SELF = YES;
				CLANG_WARN_OBJC_LITERAL_CONVERSION = YES;
				CLANG_WARN_OBJC_ROOT_CLASS = YES_ERROR;
				CLANG_WARN_QUOTED_INCLUDE_IN_FRAMEWORK_HEADER = YES;
				CLANG_WARN_RANGE_LOOP_ANALYSIS = YES;
				CLANG_WARN_STRICT_PROTOTYPES = YES;
				CLANG_WARN_SUSPICIOUS_MOVE = YES;
				CLANG_WARN_UNGUARDED_AVAILABILITY = YES_AGGRESSIVE;
				CLANG_WARN_UNREACHABLE_CODE = YES;
				CLANG_WARN__DUPLICATE_METHOD_MATCH = YES;
				COPY_PHASE_STRIP = NO;
				DEBUG_INFORMATION_FORMAT = "dwarf-with-dsym";
				ENABLE_NS_ASSERTIONS = NO;
				ENABLE_STRICT_OBJC_MSGSEND = YES;
				GCC_C_LANGUAGE_STANDARD = gnu11;
				GCC_NO_COMMON_BLOCKS = YES;
				GCC_WARN_64_TO_32_BIT_CONVERSION = YES;
				GCC_WARN_ABOUT_RETURN_TYPE = YES_ERROR;
				GCC_WARN_UNDECLARED_SELECTOR = YES;
				GCC_WARN_UNINITIALIZED_AUTOS = YES_AGGRESSIVE;
				GCC_WARN_UNUSED_FUNCTION = YES;
				GCC_WARN_UNUSED_VARIABLE = YES;
				IPHONEOS_DEPLOYMENT_TARGET = 15.5;
				MTL_ENABLE_DEBUG_INFO = NO;
				MTL_FAST_MATH = YES;
				SDKROOT = iphoneos;
				SWIFT_COMPILATION_MODE = wholemodule;
				SWIFT_OPTIMIZATION_LEVEL = "-O";
				VALIDATE_PRODUCT = YES;
			};
			name = Release;
		};
		548F022F28B6BE5D00EF51D7 /* Debug */ = {
			isa = XCBuildConfiguration;
			buildSettings = {
				ASSETCATALOG_COMPILER_APPICON_NAME = AppIcon;
				ASSETCATALOG_COMPILER_GLOBAL_ACCENT_COLOR_NAME = AccentColor;
				CODE_SIGN_STYLE = Automatic;
				CURRENT_PROJECT_VERSION = 1;
				DEVELOPMENT_TEAM = 2GQ3LS984T;
				GENERATE_INFOPLIST_FILE = YES;
				INFOPLIST_FILE = ExpertApp/Info.plist;
				INFOPLIST_KEY_UIApplicationSupportsIndirectInputEvents = YES;
				INFOPLIST_KEY_UILaunchStoryboardName = LaunchScreen;
				INFOPLIST_KEY_UIMainStoryboardFile = Main;
				INFOPLIST_KEY_UISupportedInterfaceOrientations_iPad = "UIInterfaceOrientationPortrait UIInterfaceOrientationPortraitUpsideDown UIInterfaceOrientationLandscapeLeft UIInterfaceOrientationLandscapeRight";
				INFOPLIST_KEY_UISupportedInterfaceOrientations_iPhone = "UIInterfaceOrientationPortrait UIInterfaceOrientationLandscapeLeft UIInterfaceOrientationLandscapeRight";
				LD_RUNPATH_SEARCH_PATHS = (
					"$(inherited)",
					"@executable_path/Frameworks",
				);
				MARKETING_VERSION = 1.0;
				PRODUCT_BUNDLE_IDENTIFIER = MK.ExpertApp;
				PRODUCT_NAME = "$(TARGET_NAME)";
				SWIFT_EMIT_LOC_STRINGS = YES;
				SWIFT_VERSION = 5.0;
				TARGETED_DEVICE_FAMILY = "1,2";
			};
			name = Debug;
		};
		548F023028B6BE5D00EF51D7 /* Release */ = {
			isa = XCBuildConfiguration;
			buildSettings = {
				ASSETCATALOG_COMPILER_APPICON_NAME = AppIcon;
				ASSETCATALOG_COMPILER_GLOBAL_ACCENT_COLOR_NAME = AccentColor;
				CODE_SIGN_STYLE = Automatic;
				CURRENT_PROJECT_VERSION = 1;
				DEVELOPMENT_TEAM = 2GQ3LS984T;
				GENERATE_INFOPLIST_FILE = YES;
				INFOPLIST_FILE = ExpertApp/Info.plist;
				INFOPLIST_KEY_UIApplicationSupportsIndirectInputEvents = YES;
				INFOPLIST_KEY_UILaunchStoryboardName = LaunchScreen;
				INFOPLIST_KEY_UIMainStoryboardFile = Main;
				INFOPLIST_KEY_UISupportedInterfaceOrientations_iPad = "UIInterfaceOrientationPortrait UIInterfaceOrientationPortraitUpsideDown UIInterfaceOrientationLandscapeLeft UIInterfaceOrientationLandscapeRight";
				INFOPLIST_KEY_UISupportedInterfaceOrientations_iPhone = "UIInterfaceOrientationPortrait UIInterfaceOrientationLandscapeLeft UIInterfaceOrientationLandscapeRight";
				LD_RUNPATH_SEARCH_PATHS = (
					"$(inherited)",
					"@executable_path/Frameworks",
				);
				MARKETING_VERSION = 1.0;
				PRODUCT_BUNDLE_IDENTIFIER = MK.ExpertApp;
				PRODUCT_NAME = "$(TARGET_NAME)";
				SWIFT_EMIT_LOC_STRINGS = YES;
				SWIFT_VERSION = 5.0;
				TARGETED_DEVICE_FAMILY = "1,2";
			};
			name = Release;
		};
		548F023228B6BE5D00EF51D7 /* Debug */ = {
			isa = XCBuildConfiguration;
			buildSettings = {
				ALWAYS_EMBED_SWIFT_STANDARD_LIBRARIES = YES;
				BUNDLE_LOADER = "$(TEST_HOST)";
				CODE_SIGN_STYLE = Automatic;
				CURRENT_PROJECT_VERSION = 1;
				DEVELOPMENT_TEAM = 2GQ3LS984T;
				GENERATE_INFOPLIST_FILE = YES;
				IPHONEOS_DEPLOYMENT_TARGET = 15.5;
				MARKETING_VERSION = 1.0;
				PRODUCT_BUNDLE_IDENTIFIER = MK.ExpertAppTests;
				PRODUCT_NAME = "$(TARGET_NAME)";
				SWIFT_EMIT_LOC_STRINGS = NO;
				SWIFT_VERSION = 5.0;
				TARGETED_DEVICE_FAMILY = "1,2";
				TEST_HOST = "$(BUILT_PRODUCTS_DIR)/ExpertApp.app/ExpertApp";
			};
			name = Debug;
		};
		548F023328B6BE5D00EF51D7 /* Release */ = {
			isa = XCBuildConfiguration;
			buildSettings = {
				ALWAYS_EMBED_SWIFT_STANDARD_LIBRARIES = YES;
				BUNDLE_LOADER = "$(TEST_HOST)";
				CODE_SIGN_STYLE = Automatic;
				CURRENT_PROJECT_VERSION = 1;
				DEVELOPMENT_TEAM = 2GQ3LS984T;
				GENERATE_INFOPLIST_FILE = YES;
				IPHONEOS_DEPLOYMENT_TARGET = 15.5;
				MARKETING_VERSION = 1.0;
				PRODUCT_BUNDLE_IDENTIFIER = MK.ExpertAppTests;
				PRODUCT_NAME = "$(TARGET_NAME)";
				SWIFT_EMIT_LOC_STRINGS = NO;
				SWIFT_VERSION = 5.0;
				TARGETED_DEVICE_FAMILY = "1,2";
				TEST_HOST = "$(BUILT_PRODUCTS_DIR)/ExpertApp.app/ExpertApp";
			};
			name = Release;
		};
		548F023528B6BE5D00EF51D7 /* Debug */ = {
			isa = XCBuildConfiguration;
			buildSettings = {
				ALWAYS_EMBED_SWIFT_STANDARD_LIBRARIES = YES;
				CODE_SIGN_STYLE = Automatic;
				CURRENT_PROJECT_VERSION = 1;
				DEVELOPMENT_TEAM = 2GQ3LS984T;
				GENERATE_INFOPLIST_FILE = YES;
				MARKETING_VERSION = 1.0;
				PRODUCT_BUNDLE_IDENTIFIER = MK.ExpertAppUITests;
				PRODUCT_NAME = "$(TARGET_NAME)";
				SWIFT_EMIT_LOC_STRINGS = NO;
				SWIFT_VERSION = 5.0;
				TARGETED_DEVICE_FAMILY = "1,2";
				TEST_TARGET_NAME = ExpertApp;
			};
			name = Debug;
		};
		548F023628B6BE5D00EF51D7 /* Release */ = {
			isa = XCBuildConfiguration;
			buildSettings = {
				ALWAYS_EMBED_SWIFT_STANDARD_LIBRARIES = YES;
				CODE_SIGN_STYLE = Automatic;
				CURRENT_PROJECT_VERSION = 1;
				DEVELOPMENT_TEAM = 2GQ3LS984T;
				GENERATE_INFOPLIST_FILE = YES;
				MARKETING_VERSION = 1.0;
				PRODUCT_BUNDLE_IDENTIFIER = MK.ExpertAppUITests;
				PRODUCT_NAME = "$(TARGET_NAME)";
				SWIFT_EMIT_LOC_STRINGS = NO;
				SWIFT_VERSION = 5.0;
				TARGETED_DEVICE_FAMILY = "1,2";
				TEST_TARGET_NAME = ExpertApp;
			};
			name = Release;
		};
/* End XCBuildConfiguration section */

/* Begin XCConfigurationList section */
		548F01FC28B6BE5B00EF51D7 /* Build configuration list for PBXProject "ExpertApp" */ = {
			isa = XCConfigurationList;
			buildConfigurations = (
				548F022C28B6BE5D00EF51D7 /* Debug */,
				548F022D28B6BE5D00EF51D7 /* Release */,
			);
			defaultConfigurationIsVisible = 0;
			defaultConfigurationName = Release;
		};
		548F022E28B6BE5D00EF51D7 /* Build configuration list for PBXNativeTarget "ExpertApp" */ = {
			isa = XCConfigurationList;
			buildConfigurations = (
				548F022F28B6BE5D00EF51D7 /* Debug */,
				548F023028B6BE5D00EF51D7 /* Release */,
			);
			defaultConfigurationIsVisible = 0;
			defaultConfigurationName = Release;
		};
		548F023128B6BE5D00EF51D7 /* Build configuration list for PBXNativeTarget "ExpertAppTests" */ = {
			isa = XCConfigurationList;
			buildConfigurations = (
				548F023228B6BE5D00EF51D7 /* Debug */,
				548F023328B6BE5D00EF51D7 /* Release */,
			);
			defaultConfigurationIsVisible = 0;
			defaultConfigurationName = Release;
		};
		548F023428B6BE5D00EF51D7 /* Build configuration list for PBXNativeTarget "ExpertAppUITests" */ = {
			isa = XCConfigurationList;
			buildConfigurations = (
				548F023528B6BE5D00EF51D7 /* Debug */,
				548F023628B6BE5D00EF51D7 /* Release */,
			);
			defaultConfigurationIsVisible = 0;
			defaultConfigurationName = Release;
		};
/* End XCConfigurationList section */

/* Begin XCVersionGroup section */
		548F020D28B6BE5B00EF51D7 /* ExpertApp.xcdatamodeld */ = {
			isa = XCVersionGroup;
			children = (
				548F020E28B6BE5B00EF51D7 /* ExpertApp.xcdatamodel */,
			);
			currentVersion = 548F020E28B6BE5B00EF51D7 /* ExpertApp.xcdatamodel */;
			path = ExpertApp.xcdatamodeld;
			sourceTree = "<group>";
			versionGroupType = wrapper.xcdatamodel;
		};
/* End XCVersionGroup section */
	};
	rootObject = 548F01F928B6BE5B00EF51D7 /* Project object */;
}
